<?xml version="1.0" encoding="UTF-8" standalone="yes" ?>
<CodeBlocks_project_file>
	<FileVersion major="1" minor="6" />
	<Project>
		<Option title="RezinEngine" />
		<Option pch_mode="2" />
		<Option compiler="gcc" />
		<Build>
			<Target title="Debug">
				<Option output="bin/Windows-x64/Debug/RezinEngine" prefix_auto="1" extension_auto="1" />
				<Option object_output="obj/Windows-x64/Debug/" />
				<Option type="1" />
				<Option compiler="gcc" />
				<Compiler>
					<Add option="-O0" />
					<Add option="-g" />
				</Compiler>
			</Target>
			<Target title="Release">
				<Option output="bin/Windows-x64/Release/RezinEngine" prefix_auto="1" extension_auto="1" />
				<Option object_output="obj/Windows-x64/Release/" />
				<Option type="0" />
				<Option compiler="gcc" />
				<Compiler>
					<Add option="-O2" />
					<Add option="-DNDEBUG" />
				</Compiler>
				<Linker>
					<Add option="-s" />
				</Linker>
			</Target>
			<Target title="RelWithDebInfo">
				<Option output="bin/Windows-x64/RelWithDebInfo/RezinEngine" prefix_auto="1" extension_auto="1" />
				<Option object_output="obj/Windows-x64/RelWithDebInfo/" />
				<Option type="0" />
				<Option compiler="gcc" />
				<Compiler>
					<Add option="-O2" />
					<Add option="-g" />
					<Add option="-DNDEBUG" />
				</Compiler>
			</Target>
			<Target title="Shipping">
				<Option output="bin/Windows-x64/Shipping/RezinEngine" prefix_auto="1" extension_auto="1" />
				<Option object_output="obj/Windows-x64/Shipping/" />
				<Option type="0" />
				<Option compiler="gcc" />
				<Compiler>
					<Add option="-O3" />
					<Add option="-DNDEBUG" />
				</Compiler>
				<Linker>
					<Add option="-s" />
				</Linker>
			</Target>
		</Build>
		<Compiler>
			<Add option="-Wall" />
			<Add option="-std=c++23" />
			<Add directory="include" />
			<Add directory="external/glad/include" />
			<Add directory="external/stb" />
			<Add directory="thirdparty/glm" />
			<Add directory="thirdparty/glfw/include" />
		</Compiler>
		<Linker>
			<Add option="-static" />
			<Add library="glfw3" />
			<Add library="opengl32" />
			<Add library="gdi32" />
			<Add directory="build/thirdparty/glfw/src" />
		</Linker>
		<Unit filename="assets/shaders/basic.frag" />
		<Unit filename="assets/shaders/basic.vert" />
		<Unit filename="assets/shaders/lightCube.frag" />
		<Unit filename="assets/shaders/lightCube.vert" />
		<Unit filename="assets/shaders/lighting.frag" />
		<Unit filename="assets/shaders/lighting.vert" />
		<Unit filename="assets/texture/missingTexture.png">
			<Option compile="0" />
			<Option link="0" />
		</Unit>
		<Unit filename="assets/texture/Happy_smiley_face.png">
			<Option compile="0" />
			<Option link="0" />
		</Unit>
		<Unit filename="external/glad/src/glad.c">
			<Option compilerVar="CC" />
		</Unit>
		<Unit filename="external/stb/stb_image.h" />
		<Unit filename="include/Rezin/ECS/Component.hpp" />
		<Unit filename="include/Rezin/ECS/Components/CameraComponent.hpp" />
		<Unit filename="include/Rezin/ECS/Components/TransformComponent.hpp" />
		<Unit filename="include/Rezin/ECS/Detail/ComponentPool.hpp" />
		<Unit filename="include/Rezin/ECS/Detail/TypeId.hpp" />
		<Unit filename="include/Rezin/ECS/ECS.hpp" />
		<Unit filename="include/Rezin/ECS/Entity.hpp" />
		<Unit filename="include/Rezin/ECS/EntityManager.hpp" />
		<Unit filename="include/Rezin/ECS/System.hpp" />
		<Unit filename="include/Rezin/ECS/World.hpp" />
		<Unit filename="include/Rezin/Graphics/Buffer.hpp" />
		<Unit filename="include/Rezin/Graphics/ShaderProgram.hpp" />
		<Unit filename="include/Rezin/Graphics/VertexArray.hpp" />
		<Unit filename="include/Rezin/Assets/Texture/Texture.hpp" />
		<Unit filename="include/Rezin/Application/Application.hpp" />
		<Unit filename="include/Rezin/Input/Input.hpp" />
		<Unit filename="include/Rezin/Utilities/Log.hpp" />
		<Unit filename="main.cpp" />
		<Unit filename="src/Application/Application.cpp" />
		<Unit filename="src/Assets/Texture/Texture.cpp" />
		<Unit filename="src/ECS/EntityManager.cpp" />
		<Unit filename="src/ECS/World.cpp" />
		<Unit filename="src/Graphics/Buffer.cpp" />
		<Unit filename="src/Graphics/ShaderProgram.cpp" />
		<Unit filename="src/Graphics/VertexArray.cpp" />
		<Unit filename="src/Input/Input.cpp" />
		<Unit filename="src/Utilities/Log.cpp" />
		<Unit filename="thirdparty/glm/copying.txt">
			<Option compile="0" />
			<Option link="0" />
		</Unit>
		<Unit filename="thirdparty/glm/glm/glm.hpp">
			<Option compile="0" />
			<Option link="0" />
		</Unit>
		<Extensions />
	</Project>
</CodeBlocks_project_file>
